// !$*UTF8*$!
{
	archiveVersion = 1;
	classes = {
	};
	objectVersion = 46;
	objects = {

/* Begin PBXAggregateTarget section */
		3A53D623011B429C84EA7AC0 /* ZERO_CHECK */ = {
			isa = PBXAggregateTarget;
			buildConfigurationList = 2F9F87EAE1EA4D928322DB92 /* Build configuration list for PBXAggregateTarget "ZERO_CHECK" */;
			buildPhases = (
				49DDCC49CD834E4DBF387C95 /* CMake Rules */,
			);
			dependencies = (
			);
			name = ZERO_CHECK;
			productName = ZERO_CHECK;
		};
		A8365045E0AE4FC4A80857E3 /* ALL_BUILD */ = {
			isa = PBXAggregateTarget;
			buildConfigurationList = F830216B0B2D4553A98C22A5 /* Build configuration list for PBXAggregateTarget "ALL_BUILD" */;
			buildPhases = (
				3613580412644C3A8383E3FC /* CMake Rules */,
			);
			dependencies = (
				6D3A9F57B28742F19629477D /* PBXTargetDependency */,
				98B2E6FCFD804C588D3C87A8 /* PBXTargetDependency */,
			);
			name = ALL_BUILD;
			productName = ALL_BUILD;
		};
/* End PBXAggregateTarget section */

/* Begin PBXBuildFile section */
		224D5A5EBBB9461DB3A909CB /* chatgui.cpp in Sources */ = {isa = PBXBuildFile; fileRef = 59CCE1DFF92A44A1827DB337 /* chatgui.cpp */; };
		53D5D5C6A6DC422180EB0D9E /* graphedge.cpp in Sources */ = {isa = PBXBuildFile; fileRef = 60D77E35422143719CA48C7C /* graphedge.cpp */; };
		5B7FFA1EA1D14F57B05E69E6 /* chatbot.cpp in Sources */ = {isa = PBXBuildFile; fileRef = 127502C9B18A426580C8ABFF /* chatbot.cpp */; };
		5FB7F70AB0D348CDBE388DB4 /* chatlogic.cpp in Sources */ = {isa = PBXBuildFile; fileRef = 390C3A433CC4440CB4A0786F /* chatlogic.cpp */; };
		6C800675D7AA4D029F41EAA5 /* graphnode.cpp in Sources */ = {isa = PBXBuildFile; fileRef = ACCB24D840784FC79B7B5285 /* graphnode.cpp */; };
/* End PBXBuildFile section */

/* Begin PBXContainerItemProxy section */
		5FAD960BDAB140608A09F6C4 /* PBXContainerItemProxy */ = {
			isa = PBXContainerItemProxy;
			containerPortal = 14C58236698F43BB94EAFF3A /* Project object */;
			proxyType = 1;
			remoteGlobalIDString = 3A53D623011B429C84EA7AC0;
			remoteInfo = ZERO_CHECK;
		};
		C8DF5074FE854DFCB7307CC1 /* PBXContainerItemProxy */ = {
			isa = PBXContainerItemProxy;
			containerPortal = 14C58236698F43BB94EAFF3A /* Project object */;
			proxyType = 1;
			remoteGlobalIDString = 0D40F3C1A7C643C5A0A9BFF5;
			remoteInfo = membot;
		};
		ED174EEA360C40BFB7A7B1EC /* PBXContainerItemProxy */ = {
			isa = PBXContainerItemProxy;
			containerPortal = 14C58236698F43BB94EAFF3A /* Project object */;
			proxyType = 1;
			remoteGlobalIDString = 3A53D623011B429C84EA7AC0;
			remoteInfo = ZERO_CHECK;
		};
/* End PBXContainerItemProxy section */

/* Begin PBXFileReference section */
		127502C9B18A426580C8ABFF /* chatbot.cpp */ = {isa = PBXFileReference; explicitFileType = sourcecode.cpp.cpp; fileEncoding = 4; name = chatbot.cpp; path = src/chatbot.cpp; sourceTree = SOURCE_ROOT; };
		29C6D9DA7FE746EB91DEAFD3 /* membot */ = {isa = PBXFileReference; explicitFileType = "compiled.mach-o.executable"; path = membot; sourceTree = BUILT_PRODUCTS_DIR; };
		390C3A433CC4440CB4A0786F /* chatlogic.cpp */ = {isa = PBXFileReference; explicitFileType = sourcecode.cpp.cpp; fileEncoding = 4; name = chatlogic.cpp; path = src/chatlogic.cpp; sourceTree = SOURCE_ROOT; };
		59CCE1DFF92A44A1827DB337 /* chatgui.cpp */ = {isa = PBXFileReference; explicitFileType = sourcecode.cpp.cpp; fileEncoding = 4; name = chatgui.cpp; path = src/chatgui.cpp; sourceTree = SOURCE_ROOT; };
		60D77E35422143719CA48C7C /* graphedge.cpp */ = {isa = PBXFileReference; explicitFileType = sourcecode.cpp.cpp; fileEncoding = 4; name = graphedge.cpp; path = src/graphedge.cpp; sourceTree = SOURCE_ROOT; };
		ACCB24D840784FC79B7B5285 /* graphnode.cpp */ = {isa = PBXFileReference; explicitFileType = sourcecode.cpp.cpp; fileEncoding = 4; name = graphnode.cpp; path = src/graphnode.cpp; sourceTree = SOURCE_ROOT; };
		C1E0D60236544DB09193424E /* CMakeLists.txt */ = {isa = PBXFileReference; explicitFileType = sourcecode.text; fileEncoding = 4; lastKnownFileType = text; path = CMakeLists.txt; sourceTree = SOURCE_ROOT; };
		DA89B884CF214D509967B8A5 /* CMakeLists.txt */ = {isa = PBXFileReference; explicitFileType = sourcecode.text; fileEncoding = 4; lastKnownFileType = text; path = CMakeLists.txt; sourceTree = SOURCE_ROOT; };
		E2B74407240C79B800DDE709 /* chatbot.h */ = {isa = PBXFileReference; fileEncoding = 4; lastKnownFileType = sourcecode.c.h; name = chatbot.h; path = src/chatbot.h; sourceTree = "<group>"; };
		E2B74408240C79B800DDE709 /* graphedge.h */ = {isa = PBXFileReference; fileEncoding = 4; lastKnownFileType = sourcecode.c.h; name = graphedge.h; path = src/graphedge.h; sourceTree = "<group>"; };
		E2B74409240C79B800DDE709 /* chatlogic.h */ = {isa = PBXFileReference; fileEncoding = 4; lastKnownFileType = sourcecode.c.h; name = chatlogic.h; path = src/chatlogic.h; sourceTree = "<group>"; };
		E2B7440A240C79B800DDE709 /* graphnode.h */ = {isa = PBXFileReference; fileEncoding = 4; lastKnownFileType = sourcecode.c.h; name = graphnode.h; path = src/graphnode.h; sourceTree = "<group>"; };
		E2B7440B240C79B800DDE709 /* chatgui.h */ = {isa = PBXFileReference; fileEncoding = 4; lastKnownFileType = sourcecode.c.h; name = chatgui.h; path = src/chatgui.h; sourceTree = "<group>"; };
		E2B7440F240C7A1900DDE709 /* answergraph.txt */ = {isa = PBXFileReference; fileEncoding = 4; lastKnownFileType = text; name = answergraph.txt; path = src/answergraph.txt; sourceTree = "<group>"; };
		E2B74411240C7A6B00DDE709 /* chatbot.png */ = {isa = PBXFileReference; lastKnownFileType = image.png; name = chatbot.png; path = images/chatbot.png; sourceTree = "<group>"; };
		E2B74412240C7A6B00DDE709 /* sf_bridge_inner.jpg */ = {isa = PBXFileReference; lastKnownFileType = image.jpeg; name = sf_bridge_inner.jpg; path = images/sf_bridge_inner.jpg; sourceTree = "<group>"; };
		E2B74413240C7A6B00DDE709 /* user.png */ = {isa = PBXFileReference; lastKnownFileType = image.png; name = user.png; path = images/user.png; sourceTree = "<group>"; };
		E2B74414240C7A6B00DDE709 /* sf_bridge.jpg */ = {isa = PBXFileReference; lastKnownFileType = image.jpeg; name = sf_bridge.jpg; path = images/sf_bridge.jpg; sourceTree = "<group>"; };
/* End PBXFileReference section */

/* Begin PBXGroup section */
		224E1196022A44F59D0286E4 /* Products */ = {
			isa = PBXGroup;
			children = (
				29C6D9DA7FE746EB91DEAFD3 /* membot */,
			);
			name = Products;
			sourceTree = "<group>";
		};
		4CE0198397BD447B87BB4F30 /* membot */ = {
			isa = PBXGroup;
			children = (
				E2B7440D240C79D800DDE709 /* Resources */,
				E2B74406240C795000DDE709 /* Headers */,
				7811002B5E8F4A269FD880AA /* Source Files */,
				DA89B884CF214D509967B8A5 /* CMakeLists.txt */,
			);
			name = membot;
			sourceTree = "<group>";
		};
		7811002B5E8F4A269FD880AA /* Source Files */ = {
			isa = PBXGroup;
			children = (
				127502C9B18A426580C8ABFF /* chatbot.cpp */,
				59CCE1DFF92A44A1827DB337 /* chatgui.cpp */,
				390C3A433CC4440CB4A0786F /* chatlogic.cpp */,
				60D77E35422143719CA48C7C /* graphedge.cpp */,
				ACCB24D840784FC79B7B5285 /* graphnode.cpp */,
			);
			name = "Source Files";
			sourceTree = "<group>";
		};
		A049E4C2CA6D4A0890CE964D /* ALL_BUILD */ = {
			isa = PBXGroup;
			children = (
				A397ECF1DB0943938F87F2C1 /* CMake Rules */,
				C1E0D60236544DB09193424E /* CMakeLists.txt */,
			);
			name = ALL_BUILD;
			sourceTree = "<group>";
		};
		A397ECF1DB0943938F87F2C1 /* CMake Rules */ = {
			isa = PBXGroup;
			children = (
			);
			name = "CMake Rules";
			sourceTree = "<group>";
		};
		B4FCBBA795574F519941714F = {
			isa = PBXGroup;
			children = (
				4CE0198397BD447B87BB4F30 /* membot */,
				A049E4C2CA6D4A0890CE964D /* ALL_BUILD */,
				224E1196022A44F59D0286E4 /* Products */,
			);
			sourceTree = "<group>";
		};
		E2B74406240C795000DDE709 /* Headers */ = {
			isa = PBXGroup;
			children = (
				E2B74407240C79B800DDE709 /* chatbot.h */,
				E2B7440B240C79B800DDE709 /* chatgui.h */,
				E2B74409240C79B800DDE709 /* chatlogic.h */,
				E2B74408240C79B800DDE709 /* graphedge.h */,
				E2B7440A240C79B800DDE709 /* graphnode.h */,
			);
			name = Headers;
			sourceTree = "<group>";
		};
		E2B7440D240C79D800DDE709 /* Resources */ = {
			isa = PBXGroup;
			children = (
				E2B74410240C7A2A00DDE709 /* Images */,
				E2B7440F240C7A1900DDE709 /* answergraph.txt */,
			);
			name = Resources;
			sourceTree = "<group>";
		};
		E2B74410240C7A2A00DDE709 /* Images */ = {
			isa = PBXGroup;
			children = (
				E2B74411240C7A6B00DDE709 /* chatbot.png */,
				E2B74412240C7A6B00DDE709 /* sf_bridge_inner.jpg */,
				E2B74414240C7A6B00DDE709 /* sf_bridge.jpg */,
				E2B74413240C7A6B00DDE709 /* user.png */,
			);
			name = Images;
			sourceTree = "<group>";
		};
/* End PBXGroup section */

/* Begin PBXNativeTarget section */
		0D40F3C1A7C643C5A0A9BFF5 /* membot */ = {
			isa = PBXNativeTarget;
			buildConfigurationList = 9BFF73F7C3944CFC9E044E45 /* Build configuration list for PBXNativeTarget "membot" */;
			buildPhases = (
				B7184C15DE3C4C9A96B5BF44 /* Sources */,
			);
			buildRules = (
			);
			dependencies = (
				35BA80DEBB6D4DBEAC4E4674 /* PBXTargetDependency */,
			);
			name = membot;
			productName = membot;
			productReference = 29C6D9DA7FE746EB91DEAFD3 /* membot */;
			productType = "com.apple.product-type.tool";
		};
/* End PBXNativeTarget section */

/* Begin PBXProject section */
		14C58236698F43BB94EAFF3A /* Project object */ = {
			isa = PBXProject;
			attributes = {
				BuildIndependentTargetsInParallel = YES;
				LastUpgradeCheck = 1130;
			};
			buildConfigurationList = 35C2AE4F8FF740D59ACF1233 /* Build configuration list for PBXProject "Membot" */;
			compatibilityVersion = "Xcode 3.2";
			developmentRegion = en;
			hasScannedForEncodings = 0;
			knownRegions = (
				en,
				Base,
			);
			mainGroup = B4FCBBA795574F519941714F;
			projectDirPath = "";
			projectRoot = "";
			targets = (
				A8365045E0AE4FC4A80857E3 /* ALL_BUILD */,
				3A53D623011B429C84EA7AC0 /* ZERO_CHECK */,
				0D40F3C1A7C643C5A0A9BFF5 /* membot */,
			);
		};
/* End PBXProject section */

/* Begin PBXShellScriptBuildPhase section */
		3613580412644C3A8383E3FC /* CMake Rules */ = {
			isa = PBXShellScriptBuildPhase;
			buildActionMask = 2147483647;
			files = (
			);
			name = "CMake Rules";
			runOnlyForDeploymentPostprocessing = 0;
			shellPath = /bin/sh;
			shellScript = "make -C /Users/y0n1/Projects/cppnd-membot -f /Users/y0n1/Projects/cppnd-membot/CMakeScripts/ALL_BUILD_cmakeRulesBuildPhase.make$CONFIGURATION OBJDIR=$(basename \"$OBJECT_FILE_DIR_normal\") all\n";
			showEnvVarsInLog = 0;
		};
		49DDCC49CD834E4DBF387C95 /* CMake Rules */ = {
			isa = PBXShellScriptBuildPhase;
			buildActionMask = 2147483647;
			files = (
			);
			name = "CMake Rules";
			runOnlyForDeploymentPostprocessing = 0;
			shellPath = /bin/sh;
			shellScript = "make -C /Users/y0n1/Projects/cppnd-membot -f /Users/y0n1/Projects/cppnd-membot/CMakeScripts/ZERO_CHECK_cmakeRulesBuildPhase.make$CONFIGURATION OBJDIR=$(basename \"$OBJECT_FILE_DIR_normal\") all\n";
			showEnvVarsInLog = 0;
		};
/* End PBXShellScriptBuildPhase section */

/* Begin PBXSourcesBuildPhase section */
		B7184C15DE3C4C9A96B5BF44 /* Sources */ = {
			isa = PBXSourcesBuildPhase;
			buildActionMask = 2147483647;
			files = (
				5B7FFA1EA1D14F57B05E69E6 /* chatbot.cpp in Sources */,
				224D5A5EBBB9461DB3A909CB /* chatgui.cpp in Sources */,
				5FB7F70AB0D348CDBE388DB4 /* chatlogic.cpp in Sources */,
				53D5D5C6A6DC422180EB0D9E /* graphedge.cpp in Sources */,
				6C800675D7AA4D029F41EAA5 /* graphnode.cpp in Sources */,
			);
			runOnlyForDeploymentPostprocessing = 0;
		};
/* End PBXSourcesBuildPhase section */

/* Begin PBXTargetDependency section */
		35BA80DEBB6D4DBEAC4E4674 /* PBXTargetDependency */ = {
			isa = PBXTargetDependency;
			target = 3A53D623011B429C84EA7AC0 /* ZERO_CHECK */;
			targetProxy = ED174EEA360C40BFB7A7B1EC /* PBXContainerItemProxy */;
		};
		6D3A9F57B28742F19629477D /* PBXTargetDependency */ = {
			isa = PBXTargetDependency;
			target = 0D40F3C1A7C643C5A0A9BFF5 /* membot */;
			targetProxy = C8DF5074FE854DFCB7307CC1 /* PBXContainerItemProxy */;
		};
		98B2E6FCFD804C588D3C87A8 /* PBXTargetDependency */ = {
			isa = PBXTargetDependency;
			target = 3A53D623011B429C84EA7AC0 /* ZERO_CHECK */;
			targetProxy = 5FAD960BDAB140608A09F6C4 /* PBXContainerItemProxy */;
		};
/* End PBXTargetDependency section */

/* Begin XCBuildConfiguration section */
		05ACD93A598C49A18A7B1C2C /* Debug */ = {
			isa = XCBuildConfiguration;
			buildSettings = {
				COMBINE_HIDPI_IMAGES = YES;
				GCC_GENERATE_DEBUGGING_SYMBOLS = YES;
				GCC_INLINES_ARE_PRIVATE_EXTERN = NO;
				GCC_OPTIMIZATION_LEVEL = 0;
				GCC_PREPROCESSOR_DEFINITIONS = "'CMAKE_INTDIR=\"$(CONFIGURATION)$(EFFECTIVE_PLATFORM_NAME)\"'";
				GCC_SYMBOLS_PRIVATE_EXTERN = NO;
				INSTALL_PATH = "";
				OTHER_LDFLAGS = " ";
				OTHER_REZFLAGS = "";
				PRODUCT_NAME = ZERO_CHECK;
				SECTORDER_FLAGS = "";
				SYMROOT = "/Users/y0n1/Projects/cppnd-membot";
				USE_HEADERMAP = NO;
				WARNING_CFLAGS = (
					"-Wmost",
					"-Wno-four-char-constants",
					"-Wno-unknown-pragmas",
					"$(inherited)",
				);
			};
			name = Debug;
		};
		1A75147530C64FFFBE4F12A4 /* MinSizeRel */ = {
			isa = XCBuildConfiguration;
			buildSettings = {
				COMBINE_HIDPI_IMAGES = YES;
				EXECUTABLE_PREFIX = "";
				EXECUTABLE_SUFFIX = "";
				GCC_GENERATE_DEBUGGING_SYMBOLS = NO;
				GCC_INLINES_ARE_PRIVATE_EXTERN = NO;
				GCC_OPTIMIZATION_LEVEL = s;
				GCC_PREPROCESSOR_DEFINITIONS = (
					"'CMAKE_INTDIR=\"$(CONFIGURATION)$(EFFECTIVE_PLATFORM_NAME)\"'",
					"'_FILE_OFFSET_BITS=64'",
					WXUSINGDLL,
					__WXMAC__,
					__WXOSX__,
					__WXOSX_COCOA__,
				);
				GCC_SYMBOLS_PRIVATE_EXTERN = NO;
				INSTALL_PATH = "";
				LD_RUNPATH_SEARCH_PATHS = /usr/local/lib;
				LIBRARY_SEARCH_PATHS = (
					"/usr/local/lib/$(CONFIGURATION)$(EFFECTIVE_PLATFORM_NAME)",
					/usr/local/lib,
				);
				OTHER_CPLUSPLUSFLAGS = (
					"-DNDEBUG",
					"'-std=gnu++1z'",
				);
				OTHER_LDFLAGS = (
					"-Wl,-search_paths_first",
					"-Wl,-headerpad_max_install_names",
					"-L/usr/local/lib",
					"-framework",
					IOKit,
					"-framework",
					Carbon,
					"-framework",
					Cocoa,
					"-framework",
					AudioToolbox,
					"-framework",
					System,
					"-framework",
					OpenGL,
					"-lwx_osx_cocoau_core-3.0",
					"-lwx_baseu-3.0",
				);
				OTHER_REZFLAGS = "";
				PRODUCT_NAME = membot;
				SECTORDER_FLAGS = "";
				SYMROOT = "/Users/y0n1/Projects/cppnd-membot";
				SYSTEM_HEADER_SEARCH_PATHS = "/usr/local/lib/wx/include/osx_cocoa-unicode-3.0 /usr/local/include/wx-3.0";
				USE_HEADERMAP = NO;
				WARNING_CFLAGS = (
					"-Wmost",
					"-Wno-four-char-constants",
					"-Wno-unknown-pragmas",
					"$(inherited)",
				);
			};
			name = MinSizeRel;
		};
		203DDA0A91E04CF7A7947FC6 /* RelWithDebInfo */ = {
			isa = XCBuildConfiguration;
			buildSettings = {
				ONLY_ACTIVE_ARCH = YES;
				SDKROOT = /Applications/Xcode.app/Contents/Developer/Platforms/MacOSX.platform/Developer/SDKs/MacOSX10.15.sdk;
				SYMROOT = "/Users/y0n1/Projects/cppnd-membot/build";
			};
			name = RelWithDebInfo;
		};
		22DE387C8CDB4D3BA8F27905 /* Debug */ = {
			isa = XCBuildConfiguration;
			buildSettings = {
				ONLY_ACTIVE_ARCH = YES;
				SDKROOT = /Applications/Xcode.app/Contents/Developer/Platforms/MacOSX.platform/Developer/SDKs/MacOSX10.15.sdk;
				SYMROOT = "/Users/y0n1/Projects/cppnd-membot/build";
			};
			name = Debug;
		};
		43E0EA92B1604344B3F69100 /* RelWithDebInfo */ = {
			isa = XCBuildConfiguration;
			buildSettings = {
				COMBINE_HIDPI_IMAGES = YES;
				GCC_GENERATE_DEBUGGING_SYMBOLS = YES;
				GCC_INLINES_ARE_PRIVATE_EXTERN = NO;
				GCC_OPTIMIZATION_LEVEL = 0;
				GCC_PREPROCESSOR_DEFINITIONS = "'CMAKE_INTDIR=\"$(CONFIGURATION)$(EFFECTIVE_PLATFORM_NAME)\"'";
				GCC_SYMBOLS_PRIVATE_EXTERN = NO;
				INSTALL_PATH = "";
				OTHER_LDFLAGS = " ";
				OTHER_REZFLAGS = "";
				PRODUCT_NAME = ZERO_CHECK;
				SECTORDER_FLAGS = "";
				SYMROOT = "/Users/y0n1/Projects/cppnd-membot";
				USE_HEADERMAP = NO;
				WARNING_CFLAGS = (
					"-Wmost",
					"-Wno-four-char-constants",
					"-Wno-unknown-pragmas",
					"$(inherited)",
				);
			};
			name = RelWithDebInfo;
		};
		6ADE073AE4444600AE126DF4 /* Release */ = {
			isa = XCBuildConfiguration;
			buildSettings = {
				COMBINE_HIDPI_IMAGES = YES;
				GCC_GENERATE_DEBUGGING_SYMBOLS = YES;
				GCC_INLINES_ARE_PRIVATE_EXTERN = NO;
				GCC_OPTIMIZATION_LEVEL = 0;
				GCC_PREPROCESSOR_DEFINITIONS = "'CMAKE_INTDIR=\"$(CONFIGURATION)$(EFFECTIVE_PLATFORM_NAME)\"'";
				GCC_SYMBOLS_PRIVATE_EXTERN = NO;
				INSTALL_PATH = "";
				OTHER_LDFLAGS = " ";
				OTHER_REZFLAGS = "";
				PRODUCT_NAME = ZERO_CHECK;
				SECTORDER_FLAGS = "";
				SYMROOT = "/Users/y0n1/Projects/cppnd-membot";
				USE_HEADERMAP = NO;
				WARNING_CFLAGS = (
					"-Wmost",
					"-Wno-four-char-constants",
					"-Wno-unknown-pragmas",
					"$(inherited)",
				);
			};
			name = Release;
		};
		7BB059CC041E431CBBC18ED4 /* Release */ = {
			isa = XCBuildConfiguration;
			buildSettings = {
				ONLY_ACTIVE_ARCH = YES;
				SDKROOT = /Applications/Xcode.app/Contents/Developer/Platforms/MacOSX.platform/Developer/SDKs/MacOSX10.15.sdk;
				SYMROOT = "/Users/y0n1/Projects/cppnd-membot/build";
			};
			name = Release;
		};
		7F924AFB7C5B4195B0456A8C /* Release */ = {
			isa = XCBuildConfiguration;
			buildSettings = {
				COMBINE_HIDPI_IMAGES = YES;
				EXECUTABLE_PREFIX = "";
				EXECUTABLE_SUFFIX = "";
				GCC_GENERATE_DEBUGGING_SYMBOLS = NO;
				GCC_INLINES_ARE_PRIVATE_EXTERN = NO;
				GCC_OPTIMIZATION_LEVEL = 3;
				GCC_PREPROCESSOR_DEFINITIONS = (
					"'CMAKE_INTDIR=\"$(CONFIGURATION)$(EFFECTIVE_PLATFORM_NAME)\"'",
					"'_FILE_OFFSET_BITS=64'",
					WXUSINGDLL,
					__WXMAC__,
					__WXOSX__,
					__WXOSX_COCOA__,
				);
				GCC_SYMBOLS_PRIVATE_EXTERN = NO;
				INSTALL_PATH = "";
				LD_RUNPATH_SEARCH_PATHS = /usr/local/lib;
				LIBRARY_SEARCH_PATHS = (
					"/usr/local/lib/$(CONFIGURATION)$(EFFECTIVE_PLATFORM_NAME)",
					/usr/local/lib,
				);
				OTHER_CPLUSPLUSFLAGS = (
					"-DNDEBUG",
					"'-std=gnu++1z'",
				);
				OTHER_LDFLAGS = (
					"-Wl,-search_paths_first",
					"-Wl,-headerpad_max_install_names",
					"-L/usr/local/lib",
					"-framework",
					IOKit,
					"-framework",
					Carbon,
					"-framework",
					Cocoa,
					"-framework",
					AudioToolbox,
					"-framework",
					System,
					"-framework",
					OpenGL,
					"-lwx_osx_cocoau_core-3.0",
					"-lwx_baseu-3.0",
				);
				OTHER_REZFLAGS = "";
				PRODUCT_NAME = membot;
				SECTORDER_FLAGS = "";
				SYMROOT = "/Users/y0n1/Projects/cppnd-membot";
				SYSTEM_HEADER_SEARCH_PATHS = "/usr/local/lib/wx/include/osx_cocoa-unicode-3.0 /usr/local/include/wx-3.0";
				USE_HEADERMAP = NO;
				WARNING_CFLAGS = (
					"-Wmost",
					"-Wno-four-char-constants",
					"-Wno-unknown-pragmas",
					"$(inherited)",
				);
			};
			name = Release;
		};
		7FE22693745247BB9EC079FA /* MinSizeRel */ = {
			isa = XCBuildConfiguration;
			buildSettings = {
				ONLY_ACTIVE_ARCH = YES;
				SDKROOT = /Applications/Xcode.app/Contents/Developer/Platforms/MacOSX.platform/Developer/SDKs/MacOSX10.15.sdk;
				SYMROOT = "/Users/y0n1/Projects/cppnd-membot/build";
			};
			name = MinSizeRel;
		};
		889876EC37AD40DBBD38D0ED /* Release */ = {
			isa = XCBuildConfiguration;
			buildSettings = {
				COMBINE_HIDPI_IMAGES = YES;
				GCC_GENERATE_DEBUGGING_SYMBOLS = YES;
				GCC_INLINES_ARE_PRIVATE_EXTERN = NO;
				GCC_OPTIMIZATION_LEVEL = 0;
				GCC_PREPROCESSOR_DEFINITIONS = "'CMAKE_INTDIR=\"$(CONFIGURATION)$(EFFECTIVE_PLATFORM_NAME)\"'";
				GCC_SYMBOLS_PRIVATE_EXTERN = NO;
				INSTALL_PATH = "";
				OTHER_LDFLAGS = " ";
				OTHER_REZFLAGS = "";
				PRODUCT_NAME = ALL_BUILD;
				SECTORDER_FLAGS = "";
				SYMROOT = "/Users/y0n1/Projects/cppnd-membot";
				USE_HEADERMAP = NO;
				WARNING_CFLAGS = (
					"-Wmost",
					"-Wno-four-char-constants",
					"-Wno-unknown-pragmas",
					"$(inherited)",
				);
			};
			name = Release;
		};
		AF2209046E424BB28BDE1895 /* Debug */ = {
			isa = XCBuildConfiguration;
			buildSettings = {
				COMBINE_HIDPI_IMAGES = YES;
				GCC_GENERATE_DEBUGGING_SYMBOLS = YES;
				GCC_INLINES_ARE_PRIVATE_EXTERN = NO;
				GCC_OPTIMIZATION_LEVEL = 0;
				GCC_PREPROCESSOR_DEFINITIONS = "'CMAKE_INTDIR=\"$(CONFIGURATION)$(EFFECTIVE_PLATFORM_NAME)\"'";
				GCC_SYMBOLS_PRIVATE_EXTERN = NO;
				INSTALL_PATH = "";
				OTHER_LDFLAGS = " ";
				OTHER_REZFLAGS = "";
				PRODUCT_NAME = ALL_BUILD;
				SECTORDER_FLAGS = "";
				SYMROOT = "/Users/y0n1/Projects/cppnd-membot";
				USE_HEADERMAP = NO;
				WARNING_CFLAGS = (
					"-Wmost",
					"-Wno-four-char-constants",
					"-Wno-unknown-pragmas",
					"$(inherited)",
				);
			};
			name = Debug;
		};
		B7A8C223E0E34577BDF5AA34 /* MinSizeRel */ = {
			isa = XCBuildConfiguration;
			buildSettings = {
				COMBINE_HIDPI_IMAGES = YES;
				GCC_GENERATE_DEBUGGING_SYMBOLS = YES;
				GCC_INLINES_ARE_PRIVATE_EXTERN = NO;
				GCC_OPTIMIZATION_LEVEL = 0;
				GCC_PREPROCESSOR_DEFINITIONS = "'CMAKE_INTDIR=\"$(CONFIGURATION)$(EFFECTIVE_PLATFORM_NAME)\"'";
				GCC_SYMBOLS_PRIVATE_EXTERN = NO;
				INSTALL_PATH = "";
				OTHER_LDFLAGS = " ";
				OTHER_REZFLAGS = "";
				PRODUCT_NAME = ZERO_CHECK;
				SECTORDER_FLAGS = "";
				SYMROOT = "/Users/y0n1/Projects/cppnd-membot";
				USE_HEADERMAP = NO;
				WARNING_CFLAGS = (
					"-Wmost",
					"-Wno-four-char-constants",
					"-Wno-unknown-pragmas",
					"$(inherited)",
				);
			};
			name = MinSizeRel;
		};
		DF17137601AE4B209AE1AE02 /* RelWithDebInfo */ = {
			isa = XCBuildConfiguration;
			buildSettings = {
				COMBINE_HIDPI_IMAGES = YES;
				GCC_GENERATE_DEBUGGING_SYMBOLS = YES;
				GCC_INLINES_ARE_PRIVATE_EXTERN = NO;
				GCC_OPTIMIZATION_LEVEL = 0;
				GCC_PREPROCESSOR_DEFINITIONS = "'CMAKE_INTDIR=\"$(CONFIGURATION)$(EFFECTIVE_PLATFORM_NAME)\"'";
				GCC_SYMBOLS_PRIVATE_EXTERN = NO;
				INSTALL_PATH = "";
				OTHER_LDFLAGS = " ";
				OTHER_REZFLAGS = "";
				PRODUCT_NAME = ALL_BUILD;
				SECTORDER_FLAGS = "";
				SYMROOT = "/Users/y0n1/Projects/cppnd-membot";
				USE_HEADERMAP = NO;
				WARNING_CFLAGS = (
					"-Wmost",
					"-Wno-four-char-constants",
					"-Wno-unknown-pragmas",
					"$(inherited)",
				);
			};
			name = RelWithDebInfo;
		};
		E836649A2EA54FBCA72B5A6B /* MinSizeRel */ = {
			isa = XCBuildConfiguration;
			buildSettings = {
				COMBINE_HIDPI_IMAGES = YES;
				GCC_GENERATE_DEBUGGING_SYMBOLS = YES;
				GCC_INLINES_ARE_PRIVATE_EXTERN = NO;
				GCC_OPTIMIZATION_LEVEL = 0;
				GCC_PREPROCESSOR_DEFINITIONS = "'CMAKE_INTDIR=\"$(CONFIGURATION)$(EFFECTIVE_PLATFORM_NAME)\"'";
				GCC_SYMBOLS_PRIVATE_EXTERN = NO;
				INSTALL_PATH = "";
				OTHER_LDFLAGS = " ";
				OTHER_REZFLAGS = "";
				PRODUCT_NAME = ALL_BUILD;
				SECTORDER_FLAGS = "";
				SYMROOT = "/Users/y0n1/Projects/cppnd-membot";
				USE_HEADERMAP = NO;
				WARNING_CFLAGS = (
					"-Wmost",
					"-Wno-four-char-constants",
					"-Wno-unknown-pragmas",
					"$(inherited)",
				);
			};
			name = MinSizeRel;
		};
		FBE77647062944AF9BD13AF5 /* Debug */ = {
			isa = XCBuildConfiguration;
			buildSettings = {
				COMBINE_HIDPI_IMAGES = YES;
				EXECUTABLE_PREFIX = "";
				EXECUTABLE_SUFFIX = "";
				GCC_GENERATE_DEBUGGING_SYMBOLS = YES;
				GCC_INLINES_ARE_PRIVATE_EXTERN = NO;
				GCC_OPTIMIZATION_LEVEL = 0;
				GCC_PREPROCESSOR_DEFINITIONS = (
					"'CMAKE_INTDIR=\"$(CONFIGURATION)$(EFFECTIVE_PLATFORM_NAME)\"'",
					"'_FILE_OFFSET_BITS=64'",
					WXUSINGDLL,
					__WXMAC__,
					__WXOSX__,
					__WXOSX_COCOA__,
				);
				GCC_SYMBOLS_PRIVATE_EXTERN = NO;
				INSTALL_PATH = "";
				LD_RUNPATH_SEARCH_PATHS = /usr/local/lib;
				LIBRARY_SEARCH_PATHS = (
					"/usr/local/lib/$(CONFIGURATION)$(EFFECTIVE_PLATFORM_NAME)",
					/usr/local/lib,
				);
				OTHER_CPLUSPLUSFLAGS = "   '-std=gnu++1z'  ";
				OTHER_LDFLAGS = (
					"-Wl,-search_paths_first",
					"-Wl,-headerpad_max_install_names",
					"-L/usr/local/lib",
					"-framework",
					IOKit,
					"-framework",
					Carbon,
					"-framework",
					Cocoa,
					"-framework",
					AudioToolbox,
					"-framework",
					System,
					"-framework",
					OpenGL,
					"-lwx_osx_cocoau_core-3.0",
					"-lwx_baseu-3.0",
				);
				OTHER_REZFLAGS = "";
				PRODUCT_NAME = membot;
				SECTORDER_FLAGS = "";
				SYMROOT = "/Users/y0n1/Projects/cppnd-membot";
				SYSTEM_HEADER_SEARCH_PATHS = "/usr/local/lib/wx/include/osx_cocoa-unicode-3.0 /usr/local/include/wx-3.0";
				USE_HEADERMAP = NO;
				WARNING_CFLAGS = (
					"-Wmost",
					"-Wno-four-char-constants",
					"-Wno-unknown-pragmas",
					"$(inherited)",
				);
			};
			name = Debug;
		};
		FFBBD3EAEF0E4ED38F00636F /* RelWithDebInfo */ = {
			isa = XCBuildConfiguration;
			buildSettings = {
				COMBINE_HIDPI_IMAGES = YES;
				EXECUTABLE_PREFIX = "";
				EXECUTABLE_SUFFIX = "";
				GCC_GENERATE_DEBUGGING_SYMBOLS = YES;
				GCC_INLINES_ARE_PRIVATE_EXTERN = NO;
				GCC_OPTIMIZATION_LEVEL = 2;
				GCC_PREPROCESSOR_DEFINITIONS = (
					"'CMAKE_INTDIR=\"$(CONFIGURATION)$(EFFECTIVE_PLATFORM_NAME)\"'",
					"'_FILE_OFFSET_BITS=64'",
					WXUSINGDLL,
					__WXMAC__,
					__WXOSX__,
					__WXOSX_COCOA__,
				);
				GCC_SYMBOLS_PRIVATE_EXTERN = NO;
				INSTALL_PATH = "";
				LD_RUNPATH_SEARCH_PATHS = /usr/local/lib;
				LIBRARY_SEARCH_PATHS = (
					"/usr/local/lib/$(CONFIGURATION)$(EFFECTIVE_PLATFORM_NAME)",
					/usr/local/lib,
				);
				OTHER_CPLUSPLUSFLAGS = (
					"-DNDEBUG",
					"'-std=gnu++1z'",
				);
				OTHER_LDFLAGS = (
					"-Wl,-search_paths_first",
					"-Wl,-headerpad_max_install_names",
					"-L/usr/local/lib",
					"-framework",
					IOKit,
					"-framework",
					Carbon,
					"-framework",
					Cocoa,
					"-framework",
					AudioToolbox,
					"-framework",
					System,
					"-framework",
					OpenGL,
					"-lwx_osx_cocoau_core-3.0",
					"-lwx_baseu-3.0",
				);
				OTHER_REZFLAGS = "";
				PRODUCT_NAME = membot;
				SECTORDER_FLAGS = "";
				SYMROOT = "/Users/y0n1/Projects/cppnd-membot";
				SYSTEM_HEADER_SEARCH_PATHS = "/usr/local/lib/wx/include/osx_cocoa-unicode-3.0 /usr/local/include/wx-3.0";
				USE_HEADERMAP = NO;
				WARNING_CFLAGS = (
					"-Wmost",
					"-Wno-four-char-constants",
					"-Wno-unknown-pragmas",
					"$(inherited)",
				);
			};
			name = RelWithDebInfo;
		};
/* End XCBuildConfiguration section */

/* Begin XCConfigurationList section */
		2F9F87EAE1EA4D928322DB92 /* Build configuration list for PBXAggregateTarget "ZERO_CHECK" */ = {
			isa = XCConfigurationList;
			buildConfigurations = (
				05ACD93A598C49A18A7B1C2C /* Debug */,
				6ADE073AE4444600AE126DF4 /* Release */,
				B7A8C223E0E34577BDF5AA34 /* MinSizeRel */,
				43E0EA92B1604344B3F69100 /* RelWithDebInfo */,
			);
			defaultConfigurationIsVisible = 0;
			defaultConfigurationName = Debug;
		};
		35C2AE4F8FF740D59ACF1233 /* Build configuration list for PBXProject "Membot" */ = {
			isa = XCConfigurationList;
			buildConfigurations = (
				22DE387C8CDB4D3BA8F27905 /* Debug */,
				7BB059CC041E431CBBC18ED4 /* Release */,
				7FE22693745247BB9EC079FA /* MinSizeRel */,
				203DDA0A91E04CF7A7947FC6 /* RelWithDebInfo */,
			);
			defaultConfigurationIsVisible = 0;
			defaultConfigurationName = Debug;
		};
		9BFF73F7C3944CFC9E044E45 /* Build configuration list for PBXNativeTarget "membot" */ = {
			isa = XCConfigurationList;
			buildConfigurations = (
				FBE77647062944AF9BD13AF5 /* Debug */,
				7F924AFB7C5B4195B0456A8C /* Release */,
				1A75147530C64FFFBE4F12A4 /* MinSizeRel */,
				FFBBD3EAEF0E4ED38F00636F /* RelWithDebInfo */,
			);
			defaultConfigurationIsVisible = 0;
			defaultConfigurationName = Debug;
		};
		F830216B0B2D4553A98C22A5 /* Build configuration list for PBXAggregateTarget "ALL_BUILD" */ = {
			isa = XCConfigurationList;
			buildConfigurations = (
				AF2209046E424BB28BDE1895 /* Debug */,
				889876EC37AD40DBBD38D0ED /* Release */,
				E836649A2EA54FBCA72B5A6B /* MinSizeRel */,
				DF17137601AE4B209AE1AE02 /* RelWithDebInfo */,
			);
			defaultConfigurationIsVisible = 0;
			defaultConfigurationName = Debug;
		};
/* End XCConfigurationList section */
	};
	rootObject = 14C58236698F43BB94EAFF3A /* Project object */;
}
